
Microsoft Visual Studio Solution File, Format Version 12.00
# Visual Studio 2013
VisualStudioVersion = 12.0.31101.0
MinimumVisualStudioVersion = 10.0.40219.1
Project("{FAE04EC0-301F-11D3-BF4B-00C04F79EFBC}") = "CoreBlimey.Utils", "CoreBlimey.Utils\CoreBlimey.Utils.csproj", "{D2ADACDF-1910-4EC3-872D-773773EEBA30}"
EndProject
Project("{FAE04EC0-301F-11D3-BF4B-00C04F79EFBC}") = "CoreBlimey.OutcomeRules", "CoreBlimey.OutcomeRules\CoreBlimey.OutcomeRules.csproj", "{45F41E04-3607-47A0-A0D5-980087EEA5DF}"
EndProject
Global
	GlobalSection(SolutionConfigurationPlatforms) = preSolution
		Debug|Any CPU = Debug|Any CPU
		Release|Any CPU = Release|Any CPU
	EndGlobalSection
	GlobalSection(ProjectConfigurationPlatforms) = postSolution
		{D2ADACDF-1910-4EC3-872D-773773EEBA30}.Debug|Any CPU.ActiveCfg = Debug|Any CPU
		{D2ADACDF-1910-4EC3-872D-773773EEBA30}.Debug|Any CPU.Build.0 = Debug|Any CPU
		{D2ADACDF-1910-4EC3-872D-773773EEBA30}.Release|Any CPU.ActiveCfg = Release|Any CPU
		{D2ADACDF-1910-4EC3-872D-773773EEBA30}.Release|Any CPU.Build.0 = Release|Any CPU
		{45F41E04-3607-47A0-A0D5-980087EEA5DF}.Debug|Any CPU.ActiveCfg = Debug|Any CPU
		{45F41E04-3607-47A0-A0D5-980087EEA5DF}.Debug|Any CPU.Build.0 = Debug|Any CPU
		{45F41E04-3607-47A0-A0D5-980087EEA5DF}.Release|Any CPU.ActiveCfg = Release|Any CPU
		{45F41E04-3607-47A0-A0D5-980087EEA5DF}.Release|Any CPU.Build.0 = Release|Any CPU
	EndGlobalSection
	GlobalSection(SolutionProperties) = preSolution
		HideSolutionNode = FALSE
	EndGlobalSection
EndGlobal
